
Microsoft Visual Studio Solution File, Format Version 12.00
# Visual Studio 2013
VisualStudioVersion = 12.0.40629.0
MinimumVisualStudioVersion = 10.0.40219.1
Project("{FAE04EC0-301F-11D3-BF4B-00C04F79EFBC}") = "MovieRentalShop.Handler", "MovieRentalShop.Handler\MovieRentalShop.Handler.csproj", "{5329D4CD-27ED-494C-A043-4C2BFDE22016}"
EndProject
Project("{FAE04EC0-301F-11D3-BF4B-00C04F79EFBC}") = "MovieRentalShop.Test", "MovieRentalShop.Test\MovieRentalShop.Test.csproj", "{D24B3CCB-F9BB-4D5C-AFFC-D1C4F90DAF29}"
EndProject
Project("{FAE04EC0-301F-11D3-BF4B-00C04F79EFBC}") = "MovieRentalShop.Api", "MovieRentalShop.Api\MovieRentalShop.Api.csproj", "{E4954DE1-6396-4C3C-BB40-1F9A2EA3EBCE}"
EndProject
Project("{FAE04EC0-301F-11D3-BF4B-00C04F79EFBC}") = "MovieRentalShop.Share", "MovieRentalShop.Share\MovieRentalShop.Share.csproj", "{4ACA3948-79C5-4616-9BBF-09954898BFF2}"
EndProject
Project("{FAE04EC0-301F-11D3-BF4B-00C04F79EFBC}") = "MovieRentalShop.Web", "MovieRentalShop.Web\MovieRentalShop.Web.csproj", "{E07733BE-9A11-4BD6-8F4D-7F5D2087CAF6}"
EndProject
Global
	GlobalSection(SolutionConfigurationPlatforms) = preSolution
		Debug|Any CPU = Debug|Any CPU
		Release|Any CPU = Release|Any CPU
	EndGlobalSection
	GlobalSection(ProjectConfigurationPlatforms) = postSolution
		{5329D4CD-27ED-494C-A043-4C2BFDE22016}.Debug|Any CPU.ActiveCfg = Debug|Any CPU
		{5329D4CD-27ED-494C-A043-4C2BFDE22016}.Debug|Any CPU.Build.0 = Debug|Any CPU
		{5329D4CD-27ED-494C-A043-4C2BFDE22016}.Release|Any CPU.ActiveCfg = Release|Any CPU
		{5329D4CD-27ED-494C-A043-4C2BFDE22016}.Release|Any CPU.Build.0 = Release|Any CPU
		{D24B3CCB-F9BB-4D5C-AFFC-D1C4F90DAF29}.Debug|Any CPU.ActiveCfg = Debug|Any CPU
		{D24B3CCB-F9BB-4D5C-AFFC-D1C4F90DAF29}.Debug|Any CPU.Build.0 = Debug|Any CPU
		{D24B3CCB-F9BB-4D5C-AFFC-D1C4F90DAF29}.Release|Any CPU.ActiveCfg = Release|Any CPU
		{D24B3CCB-F9BB-4D5C-AFFC-D1C4F90DAF29}.Release|Any CPU.Build.0 = Release|Any CPU
		{E4954DE1-6396-4C3C-BB40-1F9A2EA3EBCE}.Debug|Any CPU.ActiveCfg = Debug|Any CPU
		{E4954DE1-6396-4C3C-BB40-1F9A2EA3EBCE}.Debug|Any CPU.Build.0 = Debug|Any CPU
		{E4954DE1-6396-4C3C-BB40-1F9A2EA3EBCE}.Release|Any CPU.ActiveCfg = Release|Any CPU
		{E4954DE1-6396-4C3C-BB40-1F9A2EA3EBCE}.Release|Any CPU.Build.0 = Release|Any CPU
		{4ACA3948-79C5-4616-9BBF-09954898BFF2}.Debug|Any CPU.ActiveCfg = Debug|Any CPU
		{4ACA3948-79C5-4616-9BBF-09954898BFF2}.Debug|Any CPU.Build.0 = Debug|Any CPU
		{4ACA3948-79C5-4616-9BBF-09954898BFF2}.Release|Any CPU.ActiveCfg = Release|Any CPU
		{4ACA3948-79C5-4616-9BBF-09954898BFF2}.Release|Any CPU.Build.0 = Release|Any CPU
		{E07733BE-9A11-4BD6-8F4D-7F5D2087CAF6}.Debug|Any CPU.ActiveCfg = Debug|Any CPU
		{E07733BE-9A11-4BD6-8F4D-7F5D2087CAF6}.Debug|Any CPU.Build.0 = Debug|Any CPU
		{E07733BE-9A11-4BD6-8F4D-7F5D2087CAF6}.Release|Any CPU.ActiveCfg = Release|Any CPU
		{E07733BE-9A11-4BD6-8F4D-7F5D2087CAF6}.Release|Any CPU.Build.0 = Release|Any CPU
	EndGlobalSection
	GlobalSection(SolutionProperties) = preSolution
		HideSolutionNode = FALSE
	EndGlobalSection
EndGlobal
